
Microsoft Visual Studio Solution File, Format Version 12.00
# Visual Studio Version 17
VisualStudioVersion = 17.13.35806.99 d17.13
MinimumVisualStudioVersion = 10.0.40219.1
Project("{FAE04EC0-301F-11D3-BF4B-00C04F79EFBC}") = "pbr_line_split", "pbr_line_split\pbr_line_split.csproj", "{CBB49E36-A42D-4C78-A592-0BE7B60B8768}"
EndProject
Global
	GlobalSection(SolutionConfigurationPlatforms) = preSolution
		Debug|Any CPU = Debug|Any CPU
		Release|Any CPU = Release|Any CPU
	EndGlobalSection
	GlobalSection(ProjectConfigurationPlatforms) = postSolution
		{CBB49E36-A42D-4C78-A592-0BE7B60B8768}.Debug|Any CPU.ActiveCfg = Debug|Any CPU
		{CBB49E36-A42D-4C78-A592-0BE7B60B8768}.Debug|Any CPU.Build.0 = Debug|Any CPU
		{CBB49E36-A42D-4C78-A592-0BE7B60B8768}.Release|Any CPU.ActiveCfg = Release|Any CPU
		{CBB49E36-A42D-4C78-A592-0BE7B60B8768}.Release|Any CPU.Build.0 = Release|Any CPU
	EndGlobalSection
	GlobalSection(SolutionProperties) = preSolution
		HideSolutionNode = FALSE
	EndGlobalSection
	GlobalSection(ExtensibilityGlobals) = postSolution
		SolutionGuid = {4B817159-7BD5-4B56-8D40-59E0D29C1F9A}
	EndGlobalSection
EndGlobal
